
Microsoft Visual Studio Solution File, Format Version 12.00
# Visual Studio 2013
VisualStudioVersion = 12.0.30723.0
MinimumVisualStudioVersion = 10.0.40219.1
Project("{FAE04EC0-301F-11D3-BF4B-00C04F79EFBC}") = "Core", "Core\Core.csproj", "{80AE8DA2-871D-4A5B-A591-01FB656B04FD}"
EndProject
Global
	GlobalSection(SolutionConfigurationPlatforms) = preSolution
		Debug|Any CPU = Debug|Any CPU
		Release|Any CPU = Release|Any CPU
	EndGlobalSection
	GlobalSection(ProjectConfigurationPlatforms) = postSolution
		{80AE8DA2-871D-4A5B-A591-01FB656B04FD}.Debug|Any CPU.ActiveCfg = Debug|Any CPU
		{80AE8DA2-871D-4A5B-A591-01FB656B04FD}.Debug|Any CPU.Build.0 = Debug|Any CPU
		{80AE8DA2-871D-4A5B-A591-01FB656B04FD}.Release|Any CPU.ActiveCfg = Release|Any CPU
		{80AE8DA2-871D-4A5B-A591-01FB656B04FD}.Release|Any CPU.Build.0 = Release|Any CPU
	EndGlobalSection
	GlobalSection(SolutionProperties) = preSolution
		HideSolutionNode = FALSE
	EndGlobalSection
EndGlobal
